{
  "version": "2",
  "remote": {
    "https://deno.land/x/dir@1.5.1/data_dir/mod.ts": "7d17c6d9e775974245e0456c8f83f751c41c792c06020d12ca1ca69a0ce4e671",
    "https://deno.land/x/xml@2.1.1/mod.ts": "4a314a7a28d1ec92f899ce4c6991f0356c77550a75955ec3f4a36733f08548e8",
    "https://deno.land/x/xml@2.1.1/parse.ts": "614b8648345ae93c641368836947484d321c7ac9312ae12ec750434353cd7385",
    "https://deno.land/x/xml@2.1.1/stringify.ts": "930d35431f153b29d36549cff08fcfbe978e52ccb56af1e3baa2e0760f418b04",
    "https://deno.land/x/xml@2.1.1/utils/parser.ts": "7f3b00aefabdd6d47e17061cbc35c3c4d44cc1ed174180b7eb70184e56bb5ba6",
    "https://deno.land/x/xml@2.1.1/utils/stream.ts": "056e2f368d47932d77e431bbc4a8292359171cc9ce881ea31ce0aae30d763e68",
    "https://deno.land/x/xml@2.1.1/utils/streamable.ts": "1603a5f10c859b95d4e9502365a0fba0b19d5d068356e20d5a6813cd37fee780",
    "https://deno.land/x/xml@2.1.1/utils/stringifier.ts": "c701b506835237c0c6c0a08fd94e0a012b644def3f4c819c64788daf2e649ea3",
    "https://deno.land/x/xml@2.1.1/utils/types.ts": "ecaf7785e54a6f1da6f8e56da2bce9853407ceb7d5b3b70f0a60a0890151fe4c"
  }
}
